#
# This file is autogenerated by pip-compile with Python 3.12
# by the following command:
#
#    pip-compile --extra-index-url=https://download.pytorch.org/whl/cpu --extra=dev --output-file=requirements.lock pyproject.toml
#
--extra-index-url https://download.pytorch.org/whl/cpu

annotated-doc==0.0.4
    # via fastapi
annotated-types==0.7.0
    # via pydantic
anyio==4.14.2
    # via
    #   httpx
    #   starlette
certifi==2026.6.17
    # via
    #   httpcore
    #   httpx
click==8.4.2
    # via uvicorn
contourpy==1.3.3
    # via matplotlib
cycler==0.12.1
    # via matplotlib
fastapi==0.139.2
    # via recsys-two-stage (pyproject.toml)
filelock==3.32.0
    # via torch
fonttools==4.63.0
    # via matplotlib
fsspec==2026.6.0
    # via torch
h11==0.16.0
    # via
    #   httpcore
    #   uvicorn
hnswlib==0.8.0
    # via recsys-two-stage (pyproject.toml)
httpcore==1.0.9
    # via httpx
httpx==0.28.1
    # via recsys-two-stage (pyproject.toml)
idna==3.18
    # via
    #   anyio
    #   httpx
implicit==0.7.3
    # via recsys-two-stage (pyproject.toml)
iniconfig==2.3.0
    # via pytest
jinja2==3.1.6
    # via torch
kiwisolver==1.5.0
    # via matplotlib
lightgbm==4.7.0
    # via recsys-two-stage (pyproject.toml)
markupsafe==3.0.3
    # via jinja2
matplotlib==3.11.1
    # via recsys-two-stage (pyproject.toml)
mpmath==1.3.0
    # via sympy
narwhals==2.24.0
    # via lightgbm
networkx==3.6.1
    # via torch
numpy==2.5.1
    # via
    #   contourpy
    #   hnswlib
    #   implicit
    #   lightgbm
    #   matplotlib
    #   pandas
    #   recsys-two-stage (pyproject.toml)
    #   scipy
packaging==26.2
    # via
    #   matplotlib
    #   pytest
pandas==3.0.3
    # via recsys-two-stage (pyproject.toml)
pillow==12.3.0
    # via matplotlib
pluggy==1.6.0
    # via pytest
pydantic==2.13.4
    # via fastapi
pydantic-core==2.46.4
    # via pydantic
pygments==2.20.0
    # via pytest
pyparsing==3.3.2
    # via matplotlib
pytest==9.1.1
    # via recsys-two-stage (pyproject.toml)
python-dateutil==2.9.0.post0
    # via
    #   matplotlib
    #   pandas
scipy==1.18.0
    # via
    #   implicit
    #   lightgbm
    #   recsys-two-stage (pyproject.toml)
six==1.17.0
    # via python-dateutil
starlette==1.3.1
    # via fastapi
sympy==1.14.0
    # via torch
threadpoolctl==3.6.0
    # via implicit
torch==2.13.0+cpu
    # via recsys-two-stage (pyproject.toml)
tqdm==4.69.0
    # via implicit
typing-extensions==4.16.0
    # via
    #   anyio
    #   fastapi
    #   pydantic
    #   pydantic-core
    #   starlette
    #   torch
    #   typing-inspection
typing-inspection==0.4.2
    # via
    #   fastapi
    #   pydantic
uvicorn==0.51.0
    # via recsys-two-stage (pyproject.toml)

# The following packages are considered to be unsafe in a requirements file:
# setuptools
