#
# This file is autogenerated by pip-compile with Python 3.12
# by the following command:
#
#    pip-compile --extra=dev --output-file=requirements.lock pyproject.toml
#
implicit==0.7.3
    # via recsys-two-stage (pyproject.toml)
iniconfig==2.3.0
    # via pytest
numpy==2.5.1
    # via
    #   implicit
    #   pandas
    #   recsys-two-stage (pyproject.toml)
    #   scipy
packaging==26.2
    # via pytest
pandas==3.0.3
    # via recsys-two-stage (pyproject.toml)
pluggy==1.6.0
    # via pytest
pygments==2.20.0
    # via pytest
pytest==9.1.1
    # via recsys-two-stage (pyproject.toml)
python-dateutil==2.9.0.post0
    # via pandas
scipy==1.18.0
    # via
    #   implicit
    #   recsys-two-stage (pyproject.toml)
six==1.17.0
    # via python-dateutil
threadpoolctl==3.6.0
    # via implicit
tqdm==4.69.0
    # via implicit
