#
# This file is autogenerated by pip-compile with Python 3.12
# by the following command:
#
#    pip-compile --extra=dev --output-file=requirements.lock pyproject.toml
#
contourpy==1.3.3
    # via matplotlib
cycler==0.12.1
    # via matplotlib
fonttools==4.63.0
    # via matplotlib
iniconfig==2.3.0
    # via pytest
joblib==1.5.3
    # via scikit-learn
kiwisolver==1.5.0
    # via matplotlib
lightgbm==4.6.0
    # via causal-uplift (pyproject.toml)
matplotlib==3.11.0
    # via causal-uplift (pyproject.toml)
narwhals==2.23.0
    # via scikit-learn
numpy==2.5.1
    # via
    #   causal-uplift (pyproject.toml)
    #   contourpy
    #   lightgbm
    #   matplotlib
    #   pandas
    #   patsy
    #   scikit-learn
    #   scipy
    #   statsmodels
packaging==26.2
    # via
    #   matplotlib
    #   pytest
    #   statsmodels
pandas==3.0.3
    # via
    #   causal-uplift (pyproject.toml)
    #   statsmodels
patsy==1.0.2
    # via statsmodels
pillow==12.3.0
    # via matplotlib
pluggy==1.6.0
    # via pytest
pygments==2.20.0
    # via pytest
pyparsing==3.3.2
    # via matplotlib
pytest==9.1.1
    # via causal-uplift (pyproject.toml)
python-dateutil==2.9.0.post0
    # via
    #   matplotlib
    #   pandas
scikit-learn==1.9.0
    # via causal-uplift (pyproject.toml)
scipy==1.18.0
    # via
    #   causal-uplift (pyproject.toml)
    #   lightgbm
    #   scikit-learn
    #   statsmodels
six==1.17.0
    # via python-dateutil
statsmodels==0.14.6
    # via causal-uplift (pyproject.toml)
threadpoolctl==3.6.0
    # via scikit-learn
